
Microsoft Visual Studio Solution File, Format Version 12.00
# Visual Studio Version 17
VisualStudioVersion = 17.11.35312.102
MinimumVisualStudioVersion = 10.0.40219.1
Project("{2150E333-8FDC-42A3-9474-1A3956D46DE8}") = "Task0", "Task0", "{F457D677-5A52-41F9-912A-C70D4C058BFE}"
EndProject
Project("{FAE04EC0-301F-11D3-BF4B-00C04F79EFBC}") = "Tyuiu.NovikovDS.Sprint3.Task0.V3", "Tyuiu.NovikovDS.Sprint3.Task0.V3\Tyuiu.NovikovDS.Sprint3.Task0.V3.csproj", "{65229E51-B523-4A07-9E3F-FB06B91477BE}"
EndProject
Project("{FAE04EC0-301F-11D3-BF4B-00C04F79EFBC}") = "Tyuiu.NovikovDS.Sprint3.Task0.V3.Lib", "Tyuiu.NovikovDS.Sprint3.Task0.V3.Lib\Tyuiu.NovikovDS.Sprint3.Task0.V3.Lib.csproj", "{DBD1FCAA-1A12-40B9-974F-C06B9E9985D5}"
EndProject
Project("{FAE04EC0-301F-11D3-BF4B-00C04F79EFBC}") = "Tyuiu.NovikovDS.Sprint3.Task0.V3.Test", "Tyuiu.NovikovDS.Sprint3.Task0.V3.Test\Tyuiu.NovikovDS.Sprint3.Task0.V3.Test.csproj", "{990B3D8C-108F-443B-9FBB-0052E7256508}"
EndProject
Global
	GlobalSection(SolutionConfigurationPlatforms) = preSolution
		Debug|Any CPU = Debug|Any CPU
		Release|Any CPU = Release|Any CPU
	EndGlobalSection
	GlobalSection(ProjectConfigurationPlatforms) = postSolution
		{65229E51-B523-4A07-9E3F-FB06B91477BE}.Debug|Any CPU.ActiveCfg = Debug|Any CPU
		{65229E51-B523-4A07-9E3F-FB06B91477BE}.Debug|Any CPU.Build.0 = Debug|Any CPU
		{65229E51-B523-4A07-9E3F-FB06B91477BE}.Release|Any CPU.ActiveCfg = Release|Any CPU
		{65229E51-B523-4A07-9E3F-FB06B91477BE}.Release|Any CPU.Build.0 = Release|Any CPU
		{DBD1FCAA-1A12-40B9-974F-C06B9E9985D5}.Debug|Any CPU.ActiveCfg = Debug|Any CPU
		{DBD1FCAA-1A12-40B9-974F-C06B9E9985D5}.Debug|Any CPU.Build.0 = Debug|Any CPU
		{DBD1FCAA-1A12-40B9-974F-C06B9E9985D5}.Release|Any CPU.ActiveCfg = Release|Any CPU
		{DBD1FCAA-1A12-40B9-974F-C06B9E9985D5}.Release|Any CPU.Build.0 = Release|Any CPU
		{990B3D8C-108F-443B-9FBB-0052E7256508}.Debug|Any CPU.ActiveCfg = Debug|Any CPU
		{990B3D8C-108F-443B-9FBB-0052E7256508}.Debug|Any CPU.Build.0 = Debug|Any CPU
		{990B3D8C-108F-443B-9FBB-0052E7256508}.Release|Any CPU.ActiveCfg = Release|Any CPU
		{990B3D8C-108F-443B-9FBB-0052E7256508}.Release|Any CPU.Build.0 = Release|Any CPU
	EndGlobalSection
	GlobalSection(SolutionProperties) = preSolution
		HideSolutionNode = FALSE
	EndGlobalSection
	GlobalSection(NestedProjects) = preSolution
		{65229E51-B523-4A07-9E3F-FB06B91477BE} = {F457D677-5A52-41F9-912A-C70D4C058BFE}
		{DBD1FCAA-1A12-40B9-974F-C06B9E9985D5} = {F457D677-5A52-41F9-912A-C70D4C058BFE}
		{990B3D8C-108F-443B-9FBB-0052E7256508} = {F457D677-5A52-41F9-912A-C70D4C058BFE}
	EndGlobalSection
	GlobalSection(ExtensibilityGlobals) = postSolution
		SolutionGuid = {5CA1DA33-01CC-4824-A873-96BDE3522EF1}
	EndGlobalSection
EndGlobal
