
Microsoft Visual Studio Solution File, Format Version 12.00
# Visual Studio Version 17
VisualStudioVersion = 17.11.35312.102
MinimumVisualStudioVersion = 10.0.40219.1
Project("{2150E333-8FDC-42A3-9474-1A3956D46DE8}") = "Task0", "Task0", "{F457D677-5A52-41F9-912A-C70D4C058BFE}"
EndProject
Project("{FAE04EC0-301F-11D3-BF4B-00C04F79EFBC}") = "Tyuiu.NovikovDS.Sprint3.Task0.V3", "Tyuiu.NovikovDS.Sprint3.Task0.V3\Tyuiu.NovikovDS.Sprint3.Task0.V3.csproj", "{65229E51-B523-4A07-9E3F-FB06B91477BE}"
EndProject
Project("{FAE04EC0-301F-11D3-BF4B-00C04F79EFBC}") = "Tyuiu.NovikovDS.Sprint3.Task0.V3.Lib", "Tyuiu.NovikovDS.Sprint3.Task0.V3.Lib\Tyuiu.NovikovDS.Sprint3.Task0.V3.Lib.csproj", "{DBD1FCAA-1A12-40B9-974F-C06B9E9985D5}"
EndProject
Project("{FAE04EC0-301F-11D3-BF4B-00C04F79EFBC}") = "Tyuiu.NovikovDS.Sprint3.Task0.V3.Test", "Tyuiu.NovikovDS.Sprint3.Task0.V3.Test\Tyuiu.NovikovDS.Sprint3.Task0.V3.Test.csproj", "{990B3D8C-108F-443B-9FBB-0052E7256508}"
EndProject
Project("{2150E333-8FDC-42A3-9474-1A3956D46DE8}") = "Task1", "Task1", "{AE9FC521-5DAB-4189-BE41-B51F1F1F19E8}"
EndProject
Project("{FAE04EC0-301F-11D3-BF4B-00C04F79EFBC}") = "Tyuiu.NovikovDS.Sprint3.Task1.V6", "Tyuiu.NovikovDS.Sprint3.Task1.V6\Tyuiu.NovikovDS.Sprint3.Task1.V6.csproj", "{663ED856-2A0E-4D8A-86B4-FD8891FA5438}"
EndProject
Project("{FAE04EC0-301F-11D3-BF4B-00C04F79EFBC}") = "Tyuiu.NovikovDS.Sprint3.Task1.V6.Lib", "Tyuiu.NovikovDS.Sprint3.Task1.V6.Lib\Tyuiu.NovikovDS.Sprint3.Task1.V6.Lib.csproj", "{4963CA38-04F2-4D8B-9996-75D0880DB444}"
EndProject
Project("{FAE04EC0-301F-11D3-BF4B-00C04F79EFBC}") = "Tyuiu.NovikovDS.Sprint3.Task1.V6.Test", "Tyuiu.NovikovDS.Sprint3.Task1.V6.Test\Tyuiu.NovikovDS.Sprint3.Task1.V6.Test.csproj", "{C3A610D4-390D-4384-B7B4-07121C4A04BE}"
EndProject
Project("{2150E333-8FDC-42A3-9474-1A3956D46DE8}") = "Task2", "Task2", "{5D53F3CD-1A30-48DA-8B5E-65A5E2D2E2AE}"
EndProject
Project("{FAE04EC0-301F-11D3-BF4B-00C04F79EFBC}") = "Tyuiu.NovikovDS.Sprint3.Task2.V16", "Tyuiu.NovikovDS.Sprint3.Task2.V16\Tyuiu.NovikovDS.Sprint3.Task2.V16.csproj", "{480E5957-10CB-4B00-B0C4-4668AAE48074}"
EndProject
Project("{FAE04EC0-301F-11D3-BF4B-00C04F79EFBC}") = "Tyuiu.NovikovDS.Sprint3.Task2.V16.Lib", "Tyuiu.NovikovDS.Sprint3.Task2.V16.Lib\Tyuiu.NovikovDS.Sprint3.Task2.V16.Lib.csproj", "{BAC372CF-471F-47E9-9FE4-8F28B06DC1BA}"
EndProject
Project("{FAE04EC0-301F-11D3-BF4B-00C04F79EFBC}") = "Tyuiu.NovikovDS.Sprint3.Task2.V16.Test", "Tyuiu.NovikovDS.Sprint3.Task2.V16.Test\Tyuiu.NovikovDS.Sprint3.Task2.V16.Test.csproj", "{4ED6B768-B523-4197-8034-99FBD24DA1E4}"
EndProject
Project("{2150E333-8FDC-42A3-9474-1A3956D46DE8}") = "Task3", "Task3", "{2805E758-B48B-436E-91F2-E4ABAF2ADCA0}"
EndProject
Project("{FAE04EC0-301F-11D3-BF4B-00C04F79EFBC}") = "Tyuiu.NovikovDS.Sprint3.Task3.V30", "Tyuiu.NovikovDS.Sprint3.Task3.V30\Tyuiu.NovikovDS.Sprint3.Task3.V30.csproj", "{C61F2E00-6CBC-470C-80AB-18FB8208B939}"
EndProject
Project("{FAE04EC0-301F-11D3-BF4B-00C04F79EFBC}") = "Tyuiu.NovikovDS.Sprint3.Task3.V30.Lib", "Tyuiu.NovikovDS.Sprint3.Task3.V30.Lib\Tyuiu.NovikovDS.Sprint3.Task3.V30.Lib.csproj", "{561B26A5-FFC8-4F4B-858C-13CD7C3D9E98}"
EndProject
Project("{FAE04EC0-301F-11D3-BF4B-00C04F79EFBC}") = "Tyuiu.NovikovDS.Sprint3.Task3.V30.Test", "Tyuiu.NovikovDS.Sprint3.Task3.V30.Test\Tyuiu.NovikovDS.Sprint3.Task3.V30.Test.csproj", "{8463C39E-4819-4A01-A1F5-910E18C2E2DD}"
EndProject
Project("{2150E333-8FDC-42A3-9474-1A3956D46DE8}") = "Task4", "Task4", "{A31FB905-32B7-4086-A79B-6CA572020834}"
EndProject
Project("{FAE04EC0-301F-11D3-BF4B-00C04F79EFBC}") = "Tyuiu.NovikovDS.Sprint3.Task4.V23", "Tyuiu.NovikovDS.Sprint3.Task4.V23\Tyuiu.NovikovDS.Sprint3.Task4.V23.csproj", "{2E56A4FA-716E-4E73-8602-A4D9AA87CC92}"
EndProject
Project("{FAE04EC0-301F-11D3-BF4B-00C04F79EFBC}") = "Tyuiu.NovikovDS.Sprint3.Task4.V23.Lib", "Tyuiu.NovikovDS.Sprint3.Task4.V23.Lib\Tyuiu.NovikovDS.Sprint3.Task4.V23.Lib.csproj", "{A1A7BAB3-8347-471D-B92B-17C7C04AB48E}"
EndProject
Project("{FAE04EC0-301F-11D3-BF4B-00C04F79EFBC}") = "Tyuiu.NovikovDS.Sprint3.Task4.V23.Test", "Tyuiu.NovikovDS.Sprint3.Task4.V23.Test\Tyuiu.NovikovDS.Sprint3.Task4.V23.Test.csproj", "{5467D9C7-E6ED-4917-85D6-E2EF334B6255}"
EndProject
Global
	GlobalSection(SolutionConfigurationPlatforms) = preSolution
		Debug|Any CPU = Debug|Any CPU
		Release|Any CPU = Release|Any CPU
	EndGlobalSection
	GlobalSection(ProjectConfigurationPlatforms) = postSolution
		{65229E51-B523-4A07-9E3F-FB06B91477BE}.Debug|Any CPU.ActiveCfg = Debug|Any CPU
		{65229E51-B523-4A07-9E3F-FB06B91477BE}.Debug|Any CPU.Build.0 = Debug|Any CPU
		{65229E51-B523-4A07-9E3F-FB06B91477BE}.Release|Any CPU.ActiveCfg = Release|Any CPU
		{65229E51-B523-4A07-9E3F-FB06B91477BE}.Release|Any CPU.Build.0 = Release|Any CPU
		{DBD1FCAA-1A12-40B9-974F-C06B9E9985D5}.Debug|Any CPU.ActiveCfg = Debug|Any CPU
		{DBD1FCAA-1A12-40B9-974F-C06B9E9985D5}.Debug|Any CPU.Build.0 = Debug|Any CPU
		{DBD1FCAA-1A12-40B9-974F-C06B9E9985D5}.Release|Any CPU.ActiveCfg = Release|Any CPU
		{DBD1FCAA-1A12-40B9-974F-C06B9E9985D5}.Release|Any CPU.Build.0 = Release|Any CPU
		{990B3D8C-108F-443B-9FBB-0052E7256508}.Debug|Any CPU.ActiveCfg = Debug|Any CPU
		{990B3D8C-108F-443B-9FBB-0052E7256508}.Debug|Any CPU.Build.0 = Debug|Any CPU
		{990B3D8C-108F-443B-9FBB-0052E7256508}.Release|Any CPU.ActiveCfg = Release|Any CPU
		{990B3D8C-108F-443B-9FBB-0052E7256508}.Release|Any CPU.Build.0 = Release|Any CPU
		{663ED856-2A0E-4D8A-86B4-FD8891FA5438}.Debug|Any CPU.ActiveCfg = Debug|Any CPU
		{663ED856-2A0E-4D8A-86B4-FD8891FA5438}.Debug|Any CPU.Build.0 = Debug|Any CPU
		{663ED856-2A0E-4D8A-86B4-FD8891FA5438}.Release|Any CPU.ActiveCfg = Release|Any CPU
		{663ED856-2A0E-4D8A-86B4-FD8891FA5438}.Release|Any CPU.Build.0 = Release|Any CPU
		{4963CA38-04F2-4D8B-9996-75D0880DB444}.Debug|Any CPU.ActiveCfg = Debug|Any CPU
		{4963CA38-04F2-4D8B-9996-75D0880DB444}.Debug|Any CPU.Build.0 = Debug|Any CPU
		{4963CA38-04F2-4D8B-9996-75D0880DB444}.Release|Any CPU.ActiveCfg = Release|Any CPU
		{4963CA38-04F2-4D8B-9996-75D0880DB444}.Release|Any CPU.Build.0 = Release|Any CPU
		{C3A610D4-390D-4384-B7B4-07121C4A04BE}.Debug|Any CPU.ActiveCfg = Debug|Any CPU
		{C3A610D4-390D-4384-B7B4-07121C4A04BE}.Debug|Any CPU.Build.0 = Debug|Any CPU
		{C3A610D4-390D-4384-B7B4-07121C4A04BE}.Release|Any CPU.ActiveCfg = Release|Any CPU
		{C3A610D4-390D-4384-B7B4-07121C4A04BE}.Release|Any CPU.Build.0 = Release|Any CPU
		{480E5957-10CB-4B00-B0C4-4668AAE48074}.Debug|Any CPU.ActiveCfg = Debug|Any CPU
		{480E5957-10CB-4B00-B0C4-4668AAE48074}.Debug|Any CPU.Build.0 = Debug|Any CPU
		{480E5957-10CB-4B00-B0C4-4668AAE48074}.Release|Any CPU.ActiveCfg = Release|Any CPU
		{480E5957-10CB-4B00-B0C4-4668AAE48074}.Release|Any CPU.Build.0 = Release|Any CPU
		{BAC372CF-471F-47E9-9FE4-8F28B06DC1BA}.Debug|Any CPU.ActiveCfg = Debug|Any CPU
		{BAC372CF-471F-47E9-9FE4-8F28B06DC1BA}.Debug|Any CPU.Build.0 = Debug|Any CPU
		{BAC372CF-471F-47E9-9FE4-8F28B06DC1BA}.Release|Any CPU.ActiveCfg = Release|Any CPU
		{BAC372CF-471F-47E9-9FE4-8F28B06DC1BA}.Release|Any CPU.Build.0 = Release|Any CPU
		{4ED6B768-B523-4197-8034-99FBD24DA1E4}.Debug|Any CPU.ActiveCfg = Debug|Any CPU
		{4ED6B768-B523-4197-8034-99FBD24DA1E4}.Debug|Any CPU.Build.0 = Debug|Any CPU
		{4ED6B768-B523-4197-8034-99FBD24DA1E4}.Release|Any CPU.ActiveCfg = Release|Any CPU
		{4ED6B768-B523-4197-8034-99FBD24DA1E4}.Release|Any CPU.Build.0 = Release|Any CPU
		{C61F2E00-6CBC-470C-80AB-18FB8208B939}.Debug|Any CPU.ActiveCfg = Debug|Any CPU
		{C61F2E00-6CBC-470C-80AB-18FB8208B939}.Debug|Any CPU.Build.0 = Debug|Any CPU
		{C61F2E00-6CBC-470C-80AB-18FB8208B939}.Release|Any CPU.ActiveCfg = Release|Any CPU
		{C61F2E00-6CBC-470C-80AB-18FB8208B939}.Release|Any CPU.Build.0 = Release|Any CPU
		{561B26A5-FFC8-4F4B-858C-13CD7C3D9E98}.Debug|Any CPU.ActiveCfg = Debug|Any CPU
		{561B26A5-FFC8-4F4B-858C-13CD7C3D9E98}.Debug|Any CPU.Build.0 = Debug|Any CPU
		{561B26A5-FFC8-4F4B-858C-13CD7C3D9E98}.Release|Any CPU.ActiveCfg = Release|Any CPU
		{561B26A5-FFC8-4F4B-858C-13CD7C3D9E98}.Release|Any CPU.Build.0 = Release|Any CPU
		{8463C39E-4819-4A01-A1F5-910E18C2E2DD}.Debug|Any CPU.ActiveCfg = Debug|Any CPU
		{8463C39E-4819-4A01-A1F5-910E18C2E2DD}.Debug|Any CPU.Build.0 = Debug|Any CPU
		{8463C39E-4819-4A01-A1F5-910E18C2E2DD}.Release|Any CPU.ActiveCfg = Release|Any CPU
		{8463C39E-4819-4A01-A1F5-910E18C2E2DD}.Release|Any CPU.Build.0 = Release|Any CPU
		{2E56A4FA-716E-4E73-8602-A4D9AA87CC92}.Debug|Any CPU.ActiveCfg = Debug|Any CPU
		{2E56A4FA-716E-4E73-8602-A4D9AA87CC92}.Debug|Any CPU.Build.0 = Debug|Any CPU
		{2E56A4FA-716E-4E73-8602-A4D9AA87CC92}.Release|Any CPU.ActiveCfg = Release|Any CPU
		{2E56A4FA-716E-4E73-8602-A4D9AA87CC92}.Release|Any CPU.Build.0 = Release|Any CPU
		{A1A7BAB3-8347-471D-B92B-17C7C04AB48E}.Debug|Any CPU.ActiveCfg = Debug|Any CPU
		{A1A7BAB3-8347-471D-B92B-17C7C04AB48E}.Debug|Any CPU.Build.0 = Debug|Any CPU
		{A1A7BAB3-8347-471D-B92B-17C7C04AB48E}.Release|Any CPU.ActiveCfg = Release|Any CPU
		{A1A7BAB3-8347-471D-B92B-17C7C04AB48E}.Release|Any CPU.Build.0 = Release|Any CPU
		{5467D9C7-E6ED-4917-85D6-E2EF334B6255}.Debug|Any CPU.ActiveCfg = Debug|Any CPU
		{5467D9C7-E6ED-4917-85D6-E2EF334B6255}.Debug|Any CPU.Build.0 = Debug|Any CPU
		{5467D9C7-E6ED-4917-85D6-E2EF334B6255}.Release|Any CPU.ActiveCfg = Release|Any CPU
		{5467D9C7-E6ED-4917-85D6-E2EF334B6255}.Release|Any CPU.Build.0 = Release|Any CPU
	EndGlobalSection
	GlobalSection(SolutionProperties) = preSolution
		HideSolutionNode = FALSE
	EndGlobalSection
	GlobalSection(NestedProjects) = preSolution
		{65229E51-B523-4A07-9E3F-FB06B91477BE} = {F457D677-5A52-41F9-912A-C70D4C058BFE}
		{DBD1FCAA-1A12-40B9-974F-C06B9E9985D5} = {F457D677-5A52-41F9-912A-C70D4C058BFE}
		{990B3D8C-108F-443B-9FBB-0052E7256508} = {F457D677-5A52-41F9-912A-C70D4C058BFE}
		{663ED856-2A0E-4D8A-86B4-FD8891FA5438} = {AE9FC521-5DAB-4189-BE41-B51F1F1F19E8}
		{4963CA38-04F2-4D8B-9996-75D0880DB444} = {AE9FC521-5DAB-4189-BE41-B51F1F1F19E8}
		{C3A610D4-390D-4384-B7B4-07121C4A04BE} = {AE9FC521-5DAB-4189-BE41-B51F1F1F19E8}
		{480E5957-10CB-4B00-B0C4-4668AAE48074} = {5D53F3CD-1A30-48DA-8B5E-65A5E2D2E2AE}
		{BAC372CF-471F-47E9-9FE4-8F28B06DC1BA} = {5D53F3CD-1A30-48DA-8B5E-65A5E2D2E2AE}
		{4ED6B768-B523-4197-8034-99FBD24DA1E4} = {5D53F3CD-1A30-48DA-8B5E-65A5E2D2E2AE}
		{C61F2E00-6CBC-470C-80AB-18FB8208B939} = {2805E758-B48B-436E-91F2-E4ABAF2ADCA0}
		{561B26A5-FFC8-4F4B-858C-13CD7C3D9E98} = {2805E758-B48B-436E-91F2-E4ABAF2ADCA0}
		{8463C39E-4819-4A01-A1F5-910E18C2E2DD} = {2805E758-B48B-436E-91F2-E4ABAF2ADCA0}
		{2E56A4FA-716E-4E73-8602-A4D9AA87CC92} = {A31FB905-32B7-4086-A79B-6CA572020834}
		{A1A7BAB3-8347-471D-B92B-17C7C04AB48E} = {A31FB905-32B7-4086-A79B-6CA572020834}
		{5467D9C7-E6ED-4917-85D6-E2EF334B6255} = {A31FB905-32B7-4086-A79B-6CA572020834}
	EndGlobalSection
	GlobalSection(ExtensibilityGlobals) = postSolution
		SolutionGuid = {5CA1DA33-01CC-4824-A873-96BDE3522EF1}
	EndGlobalSection
EndGlobal
